// !$*UTF8*$!
{
	archiveVersion = 1;
	classes = {
	};
	objectVersion = 55;
	objects = {

/* Begin PBXBuildFile section */
		B222C82F2798D25E00FC8B10 /* AppDelegate.swift in Sources */ = {isa = PBXBuildFile; fileRef = B222C82E2798D25E00FC8B10 /* AppDelegate.swift */; };
		B222C8312798D25E00FC8B10 /* SceneDelegate.swift in Sources */ = {isa = PBXBuildFile; fileRef = B222C8302798D25E00FC8B10 /* SceneDelegate.swift */; };
		B222C8332798D25E00FC8B10 /* ViewController.swift in Sources */ = {isa = PBXBuildFile; fileRef = B222C8322798D25E00FC8B10 /* ViewController.swift */; };
		B222C8362798D25E00FC8B10 /* Main.storyboard in Resources */ = {isa = PBXBuildFile; fileRef = B222C8342798D25E00FC8B10 /* Main.storyboard */; };
		B222C8382798D26100FC8B10 /* Assets.xcassets in Resources */ = {isa = PBXBuildFile; fileRef = B222C8372798D26100FC8B10 /* Assets.xcassets */; };
		B222C83B2798D26100FC8B10 /* LaunchScreen.storyboard in Resources */ = {isa = PBXBuildFile; fileRef = B222C8392798D26100FC8B10 /* LaunchScreen.storyboard */; };
		B222C8442798D36100FC8B10 /* ApiClient.swift in Sources */ = {isa = PBXBuildFile; fileRef = B222C8432798D36100FC8B10 /* ApiClient.swift */; };
		B222C8472798D39200FC8B10 /* UIViewController+Extensions.swift in Sources */ = {isa = PBXBuildFile; fileRef = B222C8462798D39200FC8B10 /* UIViewController+Extensions.swift */; };
		B222C84A2798D3B700FC8B10 /* CustomTableViewCell.swift in Sources */ = {isa = PBXBuildFile; fileRef = B222C8492798D3B700FC8B10 /* CustomTableViewCell.swift */; };
		B222C84D2798D3D200FC8B10 /* DataViewModel.swift in Sources */ = {isa = PBXBuildFile; fileRef = B222C84C2798D3D200FC8B10 /* DataViewModel.swift */; };
		B222C8502798D3EA00FC8B10 /* Data.swift in Sources */ = {isa = PBXBuildFile; fileRef = B222C84F2798D3EA00FC8B10 /* Data.swift */; };
/* End PBXBuildFile section */

/* Begin PBXFileReference section */
		B222C82B2798D25E00FC8B10 /* MVVM.app */ = {isa = PBXFileReference; explicitFileType = wrapper.application; includeInIndex = 0; path = MVVM.app; sourceTree = BUILT_PRODUCTS_DIR; };
		B222C82E2798D25E00FC8B10 /* AppDelegate.swift */ = {isa = PBXFileReference; lastKnownFileType = sourcecode.swift; path = AppDelegate.swift; sourceTree = "<group>"; };
		B222C8302798D25E00FC8B10 /* SceneDelegate.swift */ = {isa = PBXFileReference; lastKnownFileType = sourcecode.swift; path = SceneDelegate.swift; sourceTree = "<group>"; };
		B222C8322798D25E00FC8B10 /* ViewController.swift */ = {isa = PBXFileReference; lastKnownFileType = sourcecode.swift; path = ViewController.swift; sourceTree = "<group>"; };
		B222C8352798D25E00FC8B10 /* Base */ = {isa = PBXFileReference; lastKnownFileType = file.storyboard; name = Base; path = Base.lproj/Main.storyboard; sourceTree = "<group>"; };
		B222C8372798D26100FC8B10 /* Assets.xcassets */ = {isa = PBXFileReference; lastKnownFileType = folder.assetcatalog; path = Assets.xcassets; sourceTree = "<group>"; };
		B222C83A2798D26100FC8B10 /* Base */ = {isa = PBXFileReference; lastKnownFileType = file.storyboard; name = Base; path = Base.lproj/LaunchScreen.storyboard; sourceTree = "<group>"; };
		B222C83C2798D26100FC8B10 /* Info.plist */ = {isa = PBXFileReference; lastKnownFileType = text.plist.xml; path = Info.plist; sourceTree = "<group>"; };
		B222C8432798D36100FC8B10 /* ApiClient.swift */ = {isa = PBXFileReference; lastKnownFileType = sourcecode.swift; path = ApiClient.swift; sourceTree = "<group>"; };
		B222C8462798D39200FC8B10 /* UIViewController+Extensions.swift */ = {isa = PBXFileReference; lastKnownFileType = sourcecode.swift; path = "UIViewController+Extensions.swift"; sourceTree = "<group>"; };
		B222C8492798D3B700FC8B10 /* CustomTableViewCell.swift */ = {isa = PBXFileReference; lastKnownFileType = sourcecode.swift; path = CustomTableViewCell.swift; sourceTree = "<group>"; };
		B222C84C2798D3D200FC8B10 /* DataViewModel.swift */ = {isa = PBXFileReference; lastKnownFileType = sourcecode.swift; path = DataViewModel.swift; sourceTree = "<group>"; };
		B222C84F2798D3EA00FC8B10 /* Data.swift */ = {isa = PBXFileReference; lastKnownFileType = sourcecode.swift; path = Data.swift; sourceTree = "<group>"; };
/* End PBXFileReference section */

/* Begin PBXFrameworksBuildPhase section */
		B222C8282798D25E00FC8B10 /* Frameworks */ = {
			isa = PBXFrameworksBuildPhase;
			buildActionMask = 2147483647;
			files = (
			);
			runOnlyForDeploymentPostprocessing = 0;
		};
/* End PBXFrameworksBuildPhase section */

/* Begin PBXGroup section */
		B222C8222798D25E00FC8B10 = {
			isa = PBXGroup;
			children = (
				B222C82D2798D25E00FC8B10 /* MVVM */,
				B222C82C2798D25E00FC8B10 /* Products */,
			);
			sourceTree = "<group>";
		};
		B222C82C2798D25E00FC8B10 /* Products */ = {
			isa = PBXGroup;
			children = (
				B222C82B2798D25E00FC8B10 /* MVVM.app */,
			);
			name = Products;
			sourceTree = "<group>";
		};
		B222C82D2798D25E00FC8B10 /* MVVM */ = {
			isa = PBXGroup;
			children = (
				B222C84E2798D3D700FC8B10 /* Model */,
				B222C84B2798D3C200FC8B10 /* ViewModel */,
				B222C8482798D3A800FC8B10 /* View */,
				B222C8452798D38000FC8B10 /* Extensions */,
				B222C8422798D34900FC8B10 /* Network */,
				B222C82E2798D25E00FC8B10 /* AppDelegate.swift */,
				B222C8302798D25E00FC8B10 /* SceneDelegate.swift */,
				B222C8342798D25E00FC8B10 /* Main.storyboard */,
				B222C8372798D26100FC8B10 /* Assets.xcassets */,
				B222C8392798D26100FC8B10 /* LaunchScreen.storyboard */,
				B222C83C2798D26100FC8B10 /* Info.plist */,
			);
			path = MVVM;
			sourceTree = "<group>";
		};
		B222C8422798D34900FC8B10 /* Network */ = {
			isa = PBXGroup;
			children = (
				B222C8432798D36100FC8B10 /* ApiClient.swift */,
			);
			path = Network;
			sourceTree = "<group>";
		};
		B222C8452798D38000FC8B10 /* Extensions */ = {
			isa = PBXGroup;
			children = (
				B222C8462798D39200FC8B10 /* UIViewController+Extensions.swift */,
			);
			path = Extensions;
			sourceTree = "<group>";
		};
		B222C8482798D3A800FC8B10 /* View */ = {
			isa = PBXGroup;
			children = (
				B222C8322798D25E00FC8B10 /* ViewController.swift */,
				B222C8492798D3B700FC8B10 /* CustomTableViewCell.swift */,
			);
			path = View;
			sourceTree = "<group>";
		};
		B222C84B2798D3C200FC8B10 /* ViewModel */ = {
			isa = PBXGroup;
			children = (
				B222C84C2798D3D200FC8B10 /* DataViewModel.swift */,
			);
			path = ViewModel;
			sourceTree = "<group>";
		};
		B222C84E2798D3D700FC8B10 /* Model */ = {
			isa = PBXGroup;
			children = (
				B222C84F2798D3EA00FC8B10 /* Data.swift */,
			);
			path = Model;
			sourceTree = "<group>";
		};
/* End PBXGroup section */

/* Begin PBXNativeTarget section */
		B222C82A2798D25E00FC8B10 /* MVVM */ = {
			isa = PBXNativeTarget;
			buildConfigurationList = B222C83F2798D26200FC8B10 /* Build configuration list for PBXNativeTarget "MVVM" */;
			buildPhases = (
				B222C8272798D25E00FC8B10 /* Sources */,
				B222C8282798D25E00FC8B10 /* Frameworks */,
				B222C8292798D25E00FC8B10 /* Resources */,
			);
			buildRules = (
			);
			dependencies = (
			);
			name = MVVM;
			productName = MVVM;
			productReference = B222C82B2798D25E00FC8B10 /* MVVM.app */;
			productType = "com.apple.product-type.application";
		};
/* End PBXNativeTarget section */

/* Begin PBXProject section */
		B222C8232798D25E00FC8B10 /* Project object */ = {
			isa = PBXProject;
			attributes = {
				BuildIndependentTargetsInParallel = 1;
				LastSwiftUpdateCheck = 1320;
				LastUpgradeCheck = 1320;
				TargetAttributes = {
					B222C82A2798D25E00FC8B10 = {
						CreatedOnToolsVersion = 13.2.1;
					};
				};
			};
			buildConfigurationList = B222C8262798D25E00FC8B10 /* Build configuration list for PBXProject "MVVM" */;
			compatibilityVersion = "Xcode 13.0";
			developmentRegion = en;
			hasScannedForEncodings = 0;
			knownRegions = (
				en,
				Base,
			);
			mainGroup = B222C8222798D25E00FC8B10;
			productRefGroup = B222C82C2798D25E00FC8B10 /* Products */;
			projectDirPath = "";
			projectRoot = "";
			targets = (
				B222C82A2798D25E00FC8B10 /* MVVM */,
			);
		};
/* End PBXProject section */

/* Begin PBXResourcesBuildPhase section */
		B222C8292798D25E00FC8B10 /* Resources */ = {
			isa = PBXResourcesBuildPhase;
			buildActionMask = 2147483647;
			files = (
				B222C83B2798D26100FC8B10 /* LaunchScreen.storyboard in Resources */,
				B222C8382798D26100FC8B10 /* Assets.xcassets in Resources */,
				B222C8362798D25E00FC8B10 /* Main.storyboard in Resources */,
			);
			runOnlyForDeploymentPostprocessing = 0;
		};
/* End PBXResourcesBuildPhase section */

/* Begin PBXSourcesBuildPhase section */
		B222C8272798D25E00FC8B10 /* Sources */ = {
			isa = PBXSourcesBuildPhase;
			buildActionMask = 2147483647;
			files = (
				B222C84A2798D3B700FC8B10 /* CustomTableViewCell.swift in Sources */,
				B222C8332798D25E00FC8B10 /* ViewController.swift in Sources */,
				B222C82F2798D25E00FC8B10 /* AppDelegate.swift in Sources */,
				B222C8472798D39200FC8B10 /* UIViewController+Extensions.swift in Sources */,
				B222C8312798D25E00FC8B10 /* SceneDelegate.swift in Sources */,
				B222C84D2798D3D200FC8B10 /* DataViewModel.swift in Sources */,
				B222C8442798D36100FC8B10 /* ApiClient.swift in Sources */,
				B222C8502798D3EA00FC8B10 /* Data.swift in Sources */,
			);
			runOnlyForDeploymentPostprocessing = 0;
		};
/* End PBXSourcesBuildPhase section */

/* Begin PBXVariantGroup section */
		B222C8342798D25E00FC8B10 /* Main.storyboard */ = {
			isa = PBXVariantGroup;
			children = (
				B222C8352798D25E00FC8B10 /* Base */,
			);
			name = Main.storyboard;
			sourceTree = "<group>";
		};
		B222C8392798D26100FC8B10 /* LaunchScreen.storyboard */ = {
			isa = PBXVariantGroup;
			children = (
				B222C83A2798D26100FC8B10 /* Base */,
			);
			name = LaunchScreen.storyboard;
			sourceTree = "<group>";
		};
/* End PBXVariantGroup section */

/* Begin XCBuildConfiguration section */
		B222C83D2798D26100FC8B10 /* Debug */ = {
			isa = XCBuildConfiguration;
			buildSettings = {
				ALWAYS_SEARCH_USER_PATHS = NO;
				CLANG_ANALYZER_NONNULL = YES;
				CLANG_ANALYZER_NUMBER_OBJECT_CONVERSION = YES_AGGRESSIVE;
				CLANG_CXX_LANGUAGE_STANDARD = "gnu++17";
				CLANG_CXX_LIBRARY = "libc++";
				CLANG_ENABLE_MODULES = YES;
				CLANG_ENABLE_OBJC_ARC = YES;
				CLANG_ENABLE_OBJC_WEAK = YES;
				CLANG_WARN_BLOCK_CAPTURE_AUTORELEASING = YES;
				CLANG_WARN_BOOL_CONVERSION = YES;
				CLANG_WARN_COMMA = YES;
				CLANG_WARN_CONSTANT_CONVERSION = YES;
				CLANG_WARN_DEPRECATED_OBJC_IMPLEMENTATIONS = YES;
				CLANG_WARN_DIRECT_OBJC_ISA_USAGE = YES_ERROR;
				CLANG_WARN_DOCUMENTATION_COMMENTS = YES;
				CLANG_WARN_EMPTY_BODY = YES;
				CLANG_WARN_ENUM_CONVERSION = YES;
				CLANG_WARN_INFINITE_RECURSION = YES;
				CLANG_WARN_INT_CONVERSION = YES;
				CLANG_WARN_NON_LITERAL_NULL_CONVERSION = YES;
				CLANG_WARN_OBJC_IMPLICIT_RETAIN_SELF = YES;
				CLANG_WARN_OBJC_LITERAL_CONVERSION = YES;
				CLANG_WARN_OBJC_ROOT_CLASS = YES_ERROR;
				CLANG_WARN_QUOTED_INCLUDE_IN_FRAMEWORK_HEADER = YES;
				CLANG_WARN_RANGE_LOOP_ANALYSIS = YES;
				CLANG_WARN_STRICT_PROTOTYPES = YES;
				CLANG_WARN_SUSPICIOUS_MOVE = YES;
				CLANG_WARN_UNGUARDED_AVAILABILITY = YES_AGGRESSIVE;
				CLANG_WARN_UNREACHABLE_CODE = YES;
				CLANG_WARN__DUPLICATE_METHOD_MATCH = YES;
				COPY_PHASE_STRIP = NO;
				DEBUG_INFORMATION_FORMAT = dwarf;
				ENABLE_STRICT_OBJC_MSGSEND = YES;
				ENABLE_TESTABILITY = YES;
				GCC_C_LANGUAGE_STANDARD = gnu11;
				GCC_DYNAMIC_NO_PIC = NO;
				GCC_NO_COMMON_BLOCKS = YES;
				GCC_OPTIMIZATION_LEVEL = 0;
				GCC_PREPROCESSOR_DEFINITIONS = (
					"DEBUG=1",
					"$(inherited)",
				);
				GCC_WARN_64_TO_32_BIT_CONVERSION = YES;
				GCC_WARN_ABOUT_RETURN_TYPE = YES_ERROR;
				GCC_WARN_UNDECLARED_SELECTOR = YES;
				GCC_WARN_UNINITIALIZED_AUTOS = YES_AGGRESSIVE;
				GCC_WARN_UNUSED_FUNCTION = YES;
				GCC_WARN_UNUSED_VARIABLE = YES;
				IPHONEOS_DEPLOYMENT_TARGET = 15.2;
				MTL_ENABLE_DEBUG_INFO = INCLUDE_SOURCE;
				MTL_FAST_MATH = YES;
				ONLY_ACTIVE_ARCH = YES;
				SDKROOT = iphoneos;
				SWIFT_ACTIVE_COMPILATION_CONDITIONS = DEBUG;
				SWIFT_OPTIMIZATION_LEVEL = "-Onone";
			};
			name = Debug;
		};
		B222C83E2798D26200FC8B10 /* Release */ = {
			isa = XCBuildConfiguration;
			buildSettings = {
				ALWAYS_SEARCH_USER_PATHS = NO;
				CLANG_ANALYZER_NONNULL = YES;
				CLANG_ANALYZER_NUMBER_OBJECT_CONVERSION = YES_AGGRESSIVE;
				CLANG_CXX_LANGUAGE_STANDARD = "gnu++17";
				CLANG_CXX_LIBRARY = "libc++";
				CLANG_ENABLE_MODULES = YES;
				CLANG_ENABLE_OBJC_ARC = YES;
				CLANG_ENABLE_OBJC_WEAK = YES;
				CLANG_WARN_BLOCK_CAPTURE_AUTORELEASING = YES;
				CLANG_WARN_BOOL_CONVERSION = YES;
				CLANG_WARN_COMMA = YES;
				CLANG_WARN_CONSTANT_CONVERSION = YES;
				CLANG_WARN_DEPRECATED_OBJC_IMPLEMENTATIONS = YES;
				CLANG_WARN_DIRECT_OBJC_ISA_USAGE = YES_ERROR;
				CLANG_WARN_DOCUMENTATION_COMMENTS = YES;
				CLANG_WARN_EMPTY_BODY = YES;
				CLANG_WARN_ENUM_CONVERSION = YES;
				CLANG_WARN_INFINITE_RECURSION = YES;
				CLANG_WARN_INT_CONVERSION = YES;
				CLANG_WARN_NON_LITERAL_NULL_CONVERSION = YES;
				CLANG_WARN_OBJC_IMPLICIT_RETAIN_SELF = YES;
				CLANG_WARN_OBJC_LITERAL_CONVERSION = YES;
				CLANG_WARN_OBJC_ROOT_CLASS = YES_ERROR;
				CLANG_WARN_QUOTED_INCLUDE_IN_FRAMEWORK_HEADER = YES;
				CLANG_WARN_RANGE_LOOP_ANALYSIS = YES;
				CLANG_WARN_STRICT_PROTOTYPES = YES;
				CLANG_WARN_SUSPICIOUS_MOVE = YES;
				CLANG_WARN_UNGUARDED_AVAILABILITY = YES_AGGRESSIVE;
				CLANG_WARN_UNREACHABLE_CODE = YES;
				CLANG_WARN__DUPLICATE_METHOD_MATCH = YES;
				COPY_PHASE_STRIP = NO;
				DEBUG_INFORMATION_FORMAT = "dwarf-with-dsym";
				ENABLE_NS_ASSERTIONS = NO;
				ENABLE_STRICT_OBJC_MSGSEND = YES;
				GCC_C_LANGUAGE_STANDARD = gnu11;
				GCC_NO_COMMON_BLOCKS = YES;
				GCC_WARN_64_TO_32_BIT_CONVERSION = YES;
				GCC_WARN_ABOUT_RETURN_TYPE = YES_ERROR;
				GCC_WARN_UNDECLARED_SELECTOR = YES;
				GCC_WARN_UNINITIALIZED_AUTOS = YES_AGGRESSIVE;
				GCC_WARN_UNUSED_FUNCTION = YES;
				GCC_WARN_UNUSED_VARIABLE = YES;
				IPHONEOS_DEPLOYMENT_TARGET = 15.2;
				MTL_ENABLE_DEBUG_INFO = NO;
				MTL_FAST_MATH = YES;
				SDKROOT = iphoneos;
				SWIFT_COMPILATION_MODE = wholemodule;
				SWIFT_OPTIMIZATION_LEVEL = "-O";
				VALIDATE_PRODUCT = YES;
			};
			name = Release;
		};
		B222C8402798D26200FC8B10 /* Debug */ = {
			isa = XCBuildConfiguration;
			buildSettings = {
				ASSETCATALOG_COMPILER_APPICON_NAME = AppIcon;
				ASSETCATALOG_COMPILER_GLOBAL_ACCENT_COLOR_NAME = AccentColor;
				CODE_SIGN_STYLE = Automatic;
				CURRENT_PROJECT_VERSION = 1;
				GENERATE_INFOPLIST_FILE = YES;
				INFOPLIST_FILE = MVVM/Info.plist;
				INFOPLIST_KEY_UIApplicationSupportsIndirectInputEvents = YES;
				INFOPLIST_KEY_UILaunchStoryboardName = LaunchScreen;
				INFOPLIST_KEY_UIMainStoryboardFile = Main;
				INFOPLIST_KEY_UISupportedInterfaceOrientations_iPad = "UIInterfaceOrientationPortrait UIInterfaceOrientationPortraitUpsideDown UIInterfaceOrientationLandscapeLeft UIInterfaceOrientationLandscapeRight";
				INFOPLIST_KEY_UISupportedInterfaceOrientations_iPhone = "UIInterfaceOrientationPortrait UIInterfaceOrientationLandscapeLeft UIInterfaceOrientationLandscapeRight";
				LD_RUNPATH_SEARCH_PATHS = (
					"$(inherited)",
					"@executable_path/Frameworks",
				);
				MARKETING_VERSION = 1.0;
				PRODUCT_BUNDLE_IDENTIFIER = com.felbenevanabecia.solutions.MVVM;
				PRODUCT_NAME = "$(TARGET_NAME)";
				SWIFT_EMIT_LOC_STRINGS = YES;
				SWIFT_VERSION = 5.0;
				TARGETED_DEVICE_FAMILY = "1,2";
			};
			name = Debug;
		};
		B222C8412798D26200FC8B10 /* Release */ = {
			isa = XCBuildConfiguration;
			buildSettings = {
				ASSETCATALOG_COMPILER_APPICON_NAME = AppIcon;
				ASSETCATALOG_COMPILER_GLOBAL_ACCENT_COLOR_NAME = AccentColor;
				CODE_SIGN_STYLE = Automatic;
				CURRENT_PROJECT_VERSION = 1;
				GENERATE_INFOPLIST_FILE = YES;
				INFOPLIST_FILE = MVVM/Info.plist;
				INFOPLIST_KEY_UIApplicationSupportsIndirectInputEvents = YES;
				INFOPLIST_KEY_UILaunchStoryboardName = LaunchScreen;
				INFOPLIST_KEY_UIMainStoryboardFile = Main;
				INFOPLIST_KEY_UISupportedInterfaceOrientations_iPad = "UIInterfaceOrientationPortrait UIInterfaceOrientationPortraitUpsideDown UIInterfaceOrientationLandscapeLeft UIInterfaceOrientationLandscapeRight";
				INFOPLIST_KEY_UISupportedInterfaceOrientations_iPhone = "UIInterfaceOrientationPortrait UIInterfaceOrientationLandscapeLeft UIInterfaceOrientationLandscapeRight";
				LD_RUNPATH_SEARCH_PATHS = (
					"$(inherited)",
					"@executable_path/Frameworks",
				);
				MARKETING_VERSION = 1.0;
				PRODUCT_BUNDLE_IDENTIFIER = com.felbenevanabecia.solutions.MVVM;
				PRODUCT_NAME = "$(TARGET_NAME)";
				SWIFT_EMIT_LOC_STRINGS = YES;
				SWIFT_VERSION = 5.0;
				TARGETED_DEVICE_FAMILY = "1,2";
			};
			name = Release;
		};
/* End XCBuildConfiguration section */

/* Begin XCConfigurationList section */
		B222C8262798D25E00FC8B10 /* Build configuration list for PBXProject "MVVM" */ = {
			isa = XCConfigurationList;
			buildConfigurations = (
				B222C83D2798D26100FC8B10 /* Debug */,
				B222C83E2798D26200FC8B10 /* Release */,
			);
			defaultConfigurationIsVisible = 0;
			defaultConfigurationName = Release;
		};
		B222C83F2798D26200FC8B10 /* Build configuration list for PBXNativeTarget "MVVM" */ = {
			isa = XCConfigurationList;
			buildConfigurations = (
				B222C8402798D26200FC8B10 /* Debug */,
				B222C8412798D26200FC8B10 /* Release */,
			);
			defaultConfigurationIsVisible = 0;
			defaultConfigurationName = Release;
		};
/* End XCConfigurationList section */
	};
	rootObject = B222C8232798D25E00FC8B10 /* Project object */;
}
